
Microsoft Visual Studio Solution File, Format Version 12.00
# Visual Studio Version 16
VisualStudioVersion = 16.0.31829.152
MinimumVisualStudioVersion = 10.0.40219.1
Project("{FAE04EC0-301F-11D3-BF4B-00C04F79EFBC}") = "MouseLancherTest", "MouseLancherTest\MouseLancherTest.csproj", "{F481E873-1054-4712-89F6-03100521ED5F}"
EndProject
Global
	GlobalSection(SolutionConfigurationPlatforms) = preSolution
		Debug|Any CPU = Debug|Any CPU
		Release|Any CPU = Release|Any CPU
	EndGlobalSection
	GlobalSection(ProjectConfigurationPlatforms) = postSolution
		{F481E873-1054-4712-89F6-03100521ED5F}.Debug|Any CPU.ActiveCfg = Debug|Any CPU
		{F481E873-1054-4712-89F6-03100521ED5F}.Debug|Any CPU.Build.0 = Debug|Any CPU
		{F481E873-1054-4712-89F6-03100521ED5F}.Release|Any CPU.ActiveCfg = Release|Any CPU
		{F481E873-1054-4712-89F6-03100521ED5F}.Release|Any CPU.Build.0 = Release|Any CPU
	EndGlobalSection
	GlobalSection(SolutionProperties) = preSolution
		HideSolutionNode = FALSE
	EndGlobalSection
	GlobalSection(ExtensibilityGlobals) = postSolution
		SolutionGuid = {19820199-D001-44A3-AEEC-5071949A62D1}
	EndGlobalSection
EndGlobal
